{
  "originHash" : "bb77a337ee6b82cca1a38b489750350e3a284abae7764adca187999b60b3a95a",
  "pins" : [
    {
      "identity" : "swift-opus",
      "kind" : "remoteSourceControl",
      "location" : "https://github.com/alta/swift-opus",
      "state" : {
        "revision" : "6f3cb6bd3ffed1fe5f06d00a962d5c191a50daf8"
      }
    },
    {
      "identity" : "vlckit",
      "kind" : "remoteSourceControl",
      "location" : "https://code.videolan.org/videolan/VLCKit.git",
      "state" : {
        "revision" : "e3774eb25c62c902e9066ba267e6416d82e83382",
        "version" : "4.0.0-a23"
      }
    }
  ],
  "version" : 3
}
